
Microsoft Visual Studio Solution File, Format Version 12.00
# Visual Studio Version 17
VisualStudioVersion = 17.0.31903.59
MinimumVisualStudioVersion = 10.0.40219.1
Project("{8BC9CEB8-8B4A-11D0-8D11-00A0C91BC942}") = "Mile.FFmpeg", "Mile.FFmpeg\Mile.FFmpeg.vcxproj", "{360A29AE-EDF8-4F58-A13C-878316CBDE13}"
EndProject
Project("{2150E333-8FDC-42A3-9474-1A3956D46DE8}") = "MaintainerTools", "MaintainerTools", "{ABB92730-84C0-4648-B3F5-860D8311AD26}"
EndProject
Project("{9A19103F-16F7-4668-BE54-9A1E7A4F7556}") = "Mile.FFmpeg.ModuleDefinitionGenerator", "Mile.FFmpeg.ModuleDefinitionGenerator\Mile.FFmpeg.ModuleDefinitionGenerator.csproj", "{9F7F2D3B-9238-4B8C-B117-4AEF00A98B77}"
EndProject
Global
	GlobalSection(SolutionConfigurationPlatforms) = preSolution
		Release|ARM64 = Release|ARM64
		Release|x64 = Release|x64
		Release|x86 = Release|x86
	EndGlobalSection
	GlobalSection(ProjectConfigurationPlatforms) = postSolution
		{360A29AE-EDF8-4F58-A13C-878316CBDE13}.Release|ARM64.ActiveCfg = Release|ARM64
		{360A29AE-EDF8-4F58-A13C-878316CBDE13}.Release|ARM64.Build.0 = Release|ARM64
		{360A29AE-EDF8-4F58-A13C-878316CBDE13}.Release|x64.ActiveCfg = Release|x64
		{360A29AE-EDF8-4F58-A13C-878316CBDE13}.Release|x64.Build.0 = Release|x64
		{360A29AE-EDF8-4F58-A13C-878316CBDE13}.Release|x86.ActiveCfg = Release|Win32
		{360A29AE-EDF8-4F58-A13C-878316CBDE13}.Release|x86.Build.0 = Release|Win32
		{9F7F2D3B-9238-4B8C-B117-4AEF00A98B77}.Release|ARM64.ActiveCfg = Debug|Any CPU
		{9F7F2D3B-9238-4B8C-B117-4AEF00A98B77}.Release|x64.ActiveCfg = Debug|Any CPU
		{9F7F2D3B-9238-4B8C-B117-4AEF00A98B77}.Release|x64.Build.0 = Debug|Any CPU
		{9F7F2D3B-9238-4B8C-B117-4AEF00A98B77}.Release|x86.ActiveCfg = Debug|Any CPU
	EndGlobalSection
	GlobalSection(SolutionProperties) = preSolution
		HideSolutionNode = FALSE
	EndGlobalSection
	GlobalSection(NestedProjects) = preSolution
		{9F7F2D3B-9238-4B8C-B117-4AEF00A98B77} = {ABB92730-84C0-4648-B3F5-860D8311AD26}
	EndGlobalSection
	GlobalSection(ExtensibilityGlobals) = postSolution
		SolutionGuid = {BFEE9383-8919-4638-9EE7-9D82862D1411}
	EndGlobalSection
EndGlobal
