
Microsoft Visual Studio Solution File, Format Version 12.00
# Visual Studio Version 17
VisualStudioVersion = 17.0.31903.59
MinimumVisualStudioVersion = 10.0.40219.1
Project("{8BC9CEB8-8B4A-11D0-8D11-00A0C91BC942}") = "Mile.FFmpeg", "Mile.FFmpeg\Mile.FFmpeg.vcxproj", "{360A29AE-EDF8-4F58-A13C-878316CBDE13}"
EndProject
Global
	GlobalSection(SolutionConfigurationPlatforms) = preSolution
		Release|ARM = Release|ARM
		Release|ARM64 = Release|ARM64
		Release|x64 = Release|x64
		Release|x86 = Release|x86
	EndGlobalSection
	GlobalSection(ProjectConfigurationPlatforms) = postSolution
		{360A29AE-EDF8-4F58-A13C-878316CBDE13}.Release|ARM.ActiveCfg = Release|ARM
		{360A29AE-EDF8-4F58-A13C-878316CBDE13}.Release|ARM.Build.0 = Release|ARM
		{360A29AE-EDF8-4F58-A13C-878316CBDE13}.Release|ARM64.ActiveCfg = Release|ARM64
		{360A29AE-EDF8-4F58-A13C-878316CBDE13}.Release|ARM64.Build.0 = Release|ARM64
		{360A29AE-EDF8-4F58-A13C-878316CBDE13}.Release|x64.ActiveCfg = Release|x64
		{360A29AE-EDF8-4F58-A13C-878316CBDE13}.Release|x64.Build.0 = Release|x64
		{360A29AE-EDF8-4F58-A13C-878316CBDE13}.Release|x86.ActiveCfg = Release|Win32
		{360A29AE-EDF8-4F58-A13C-878316CBDE13}.Release|x86.Build.0 = Release|Win32
	EndGlobalSection
	GlobalSection(SolutionProperties) = preSolution
		HideSolutionNode = FALSE
	EndGlobalSection
	GlobalSection(ExtensibilityGlobals) = postSolution
		SolutionGuid = {BFEE9383-8919-4638-9EE7-9D82862D1411}
	EndGlobalSection
EndGlobal
